
Microsoft Visual Studio Solution File, Format Version 12.00
# Visual Studio Version 17
VisualStudioVersion = 17.10.35027.167
MinimumVisualStudioVersion = 10.0.40219.1
Project("{FAE04EC0-301F-11D3-BF4B-00C04F79EFBC}") = "Developer_Task", "Developer_Task.csproj", "{A4BA1540-DB8B-434A-B21C-34DFF17F2955}"
EndProject
Global
	GlobalSection(SolutionConfigurationPlatforms) = preSolution
		Debug|Any CPU = Debug|Any CPU
		Release|Any CPU = Release|Any CPU
	EndGlobalSection
	GlobalSection(ProjectConfigurationPlatforms) = postSolution
		{A4BA1540-DB8B-434A-B21C-34DFF17F2955}.Debug|Any CPU.ActiveCfg = Debug|Any CPU
		{A4BA1540-DB8B-434A-B21C-34DFF17F2955}.Debug|Any CPU.Build.0 = Debug|Any CPU
		{A4BA1540-DB8B-434A-B21C-34DFF17F2955}.Release|Any CPU.ActiveCfg = Release|Any CPU
		{A4BA1540-DB8B-434A-B21C-34DFF17F2955}.Release|Any CPU.Build.0 = Release|Any CPU
	EndGlobalSection
	GlobalSection(SolutionProperties) = preSolution
		HideSolutionNode = FALSE
	EndGlobalSection
	GlobalSection(ExtensibilityGlobals) = postSolution
		SolutionGuid = {1C41DC66-BCD4-4289-9B69-30CCD4EC8BEC}
	EndGlobalSection
EndGlobal
